
Microsoft Visual Studio Solution File, Format Version 12.00
# Visual Studio Version 17
VisualStudioVersion = 17.0.31903.59
MinimumVisualStudioVersion = 10.0.40219.1
Project("{9A19103F-16F7-4668-BE54-9A1E7A4F7556}") = "QuanLyDienNuoc", "src\QuanLyDienNuoc\QuanLyDienNuoc.csproj", "{3B1C6D2E-6C1B-4C7A-9E7D-1A2B3C4D5E6F}"
EndProject
Project("{9A19103F-16F7-4668-BE54-9A1E7A4F7556}") = "QuanLyDienNuoc.Core", "src\QuanLyDienNuoc.Core\QuanLyDienNuoc.Core.csproj", "{5C2D7E3F-7D2C-4D8B-AF8E-2B3C4D5E6F70}"
EndProject
Project("{2150E333-8FDC-42A3-9474-1A3956D46DE8}") = "tests", "tests", "{0AB3BF05-4346-4AA6-1389-037BE0695223}"
EndProject
Project("{FAE04EC0-301F-11D3-BF4B-00C04F79EFBC}") = "QuanLyDienNuoc.Tests", "tests\QuanLyDienNuoc.Tests\QuanLyDienNuoc.Tests.csproj", "{86FBADBF-1A7E-4F00-AC93-77FF59297523}"
EndProject
Project("{2150E333-8FDC-42A3-9474-1A3956D46DE8}") = "src", "src", "{827E0CD3-B72D-47B6-A68D-7590B98EB39B}"
EndProject
Global
	GlobalSection(SolutionConfigurationPlatforms) = preSolution
		Debug|Any CPU = Debug|Any CPU
		Debug|x64 = Debug|x64
		Debug|x86 = Debug|x86
		Release|Any CPU = Release|Any CPU
		Release|x64 = Release|x64
		Release|x86 = Release|x86
	EndGlobalSection
	GlobalSection(ProjectConfigurationPlatforms) = postSolution
		{3B1C6D2E-6C1B-4C7A-9E7D-1A2B3C4D5E6F}.Debug|Any CPU.ActiveCfg = Debug|Any CPU
		{3B1C6D2E-6C1B-4C7A-9E7D-1A2B3C4D5E6F}.Debug|Any CPU.Build.0 = Debug|Any CPU
		{3B1C6D2E-6C1B-4C7A-9E7D-1A2B3C4D5E6F}.Debug|x64.ActiveCfg = Debug|Any CPU
		{3B1C6D2E-6C1B-4C7A-9E7D-1A2B3C4D5E6F}.Debug|x64.Build.0 = Debug|Any CPU
		{3B1C6D2E-6C1B-4C7A-9E7D-1A2B3C4D5E6F}.Debug|x86.ActiveCfg = Debug|Any CPU
		{3B1C6D2E-6C1B-4C7A-9E7D-1A2B3C4D5E6F}.Debug|x86.Build.0 = Debug|Any CPU
		{3B1C6D2E-6C1B-4C7A-9E7D-1A2B3C4D5E6F}.Release|Any CPU.ActiveCfg = Release|Any CPU
		{3B1C6D2E-6C1B-4C7A-9E7D-1A2B3C4D5E6F}.Release|Any CPU.Build.0 = Release|Any CPU
		{3B1C6D2E-6C1B-4C7A-9E7D-1A2B3C4D5E6F}.Release|x64.ActiveCfg = Release|Any CPU
		{3B1C6D2E-6C1B-4C7A-9E7D-1A2B3C4D5E6F}.Release|x64.Build.0 = Release|Any CPU
		{3B1C6D2E-6C1B-4C7A-9E7D-1A2B3C4D5E6F}.Release|x86.ActiveCfg = Release|Any CPU
		{3B1C6D2E-6C1B-4C7A-9E7D-1A2B3C4D5E6F}.Release|x86.Build.0 = Release|Any CPU
		{5C2D7E3F-7D2C-4D8B-AF8E-2B3C4D5E6F70}.Debug|Any CPU.ActiveCfg = Debug|Any CPU
		{5C2D7E3F-7D2C-4D8B-AF8E-2B3C4D5E6F70}.Debug|Any CPU.Build.0 = Debug|Any CPU
		{5C2D7E3F-7D2C-4D8B-AF8E-2B3C4D5E6F70}.Debug|x64.ActiveCfg = Debug|Any CPU
		{5C2D7E3F-7D2C-4D8B-AF8E-2B3C4D5E6F70}.Debug|x64.Build.0 = Debug|Any CPU
		{5C2D7E3F-7D2C-4D8B-AF8E-2B3C4D5E6F70}.Debug|x86.ActiveCfg = Debug|Any CPU
		{5C2D7E3F-7D2C-4D8B-AF8E-2B3C4D5E6F70}.Debug|x86.Build.0 = Debug|Any CPU
		{5C2D7E3F-7D2C-4D8B-AF8E-2B3C4D5E6F70}.Release|Any CPU.ActiveCfg = Release|Any CPU
		{5C2D7E3F-7D2C-4D8B-AF8E-2B3C4D5E6F70}.Release|Any CPU.Build.0 = Release|Any CPU
		{5C2D7E3F-7D2C-4D8B-AF8E-2B3C4D5E6F70}.Release|x64.ActiveCfg = Release|Any CPU
		{5C2D7E3F-7D2C-4D8B-AF8E-2B3C4D5E6F70}.Release|x64.Build.0 = Release|Any CPU
		{5C2D7E3F-7D2C-4D8B-AF8E-2B3C4D5E6F70}.Release|x86.ActiveCfg = Release|Any CPU
		{5C2D7E3F-7D2C-4D8B-AF8E-2B3C4D5E6F70}.Release|x86.Build.0 = Release|Any CPU
		{86FBADBF-1A7E-4F00-AC93-77FF59297523}.Debug|Any CPU.ActiveCfg = Debug|Any CPU
		{86FBADBF-1A7E-4F00-AC93-77FF59297523}.Debug|Any CPU.Build.0 = Debug|Any CPU
		{86FBADBF-1A7E-4F00-AC93-77FF59297523}.Debug|x64.ActiveCfg = Debug|Any CPU
		{86FBADBF-1A7E-4F00-AC93-77FF59297523}.Debug|x64.Build.0 = Debug|Any CPU
		{86FBADBF-1A7E-4F00-AC93-77FF59297523}.Debug|x86.ActiveCfg = Debug|Any CPU
		{86FBADBF-1A7E-4F00-AC93-77FF59297523}.Debug|x86.Build.0 = Debug|Any CPU
		{86FBADBF-1A7E-4F00-AC93-77FF59297523}.Release|Any CPU.ActiveCfg = Release|Any CPU
		{86FBADBF-1A7E-4F00-AC93-77FF59297523}.Release|Any CPU.Build.0 = Release|Any CPU
		{86FBADBF-1A7E-4F00-AC93-77FF59297523}.Release|x64.ActiveCfg = Release|Any CPU
		{86FBADBF-1A7E-4F00-AC93-77FF59297523}.Release|x64.Build.0 = Release|Any CPU
		{86FBADBF-1A7E-4F00-AC93-77FF59297523}.Release|x86.ActiveCfg = Release|Any CPU
		{86FBADBF-1A7E-4F00-AC93-77FF59297523}.Release|x86.Build.0 = Release|Any CPU
	EndGlobalSection
	GlobalSection(SolutionProperties) = preSolution
		HideSolutionNode = FALSE
	EndGlobalSection
	GlobalSection(NestedProjects) = preSolution
		{86FBADBF-1A7E-4F00-AC93-77FF59297523} = {0AB3BF05-4346-4AA6-1389-037BE0695223}
	EndGlobalSection
	GlobalSection(ExtensibilityGlobals) = postSolution
		SolutionGuid = {A7F4E9C1-2D3B-4F5A-8C6D-9E0F1A2B3C4D}
	EndGlobalSection
EndGlobal
